
Microsoft Visual Studio Solution File, Format Version 12.00
# Visual Studio 15
Project("{FAE04EC0-301F-11D3-BF4B-00C04F79EFBC}") = "Sample_0024.vs2017", "Sample_0024__ParallelInserts\Sample_0024.vs2017.csproj", "{4D41D71E-8256-4A82-9C87-8B953A591EB0}"
EndProject
Project("{FAE04EC0-301F-11D3-BF4B-00C04F79EFBC}") = "Sample_0025.vs2017", "Sample_0025__OleDbServices\Sample_0025.vs2017.csproj", "{BE74CE24-389B-4358-815A-6AE8F4CB1450}"
EndProject
Project("{FAE04EC0-301F-11D3-BF4B-00C04F79EFBC}") = "Sample_0026.vs2017", "Sample_0026__PrivateIBProvider\Sample_0026.vs2017.csproj", "{1353F3E9-31B5-4D47-9224-A79C26DC23E1}"
EndProject
Project("{FAE04EC0-301F-11D3-BF4B-00C04F79EFBC}") = "Sample_0027.vs2017", "Sample_0027__GetOleDbProviderInfo\Sample_0027.vs2017.csproj", "{B68CCE17-DA82-4DA3-AF85-31561331438E}"
EndProject
Project("{FAE04EC0-301F-11D3-BF4B-00C04F79EFBC}") = "Sample_0028.vs2017", "Sample_0028__DetectIdentityColumns\Sample_0028.vs2017.csproj", "{80104457-AB1A-4A38-A551-57D89EC4DC02}"
EndProject
Project("{FAE04EC0-301F-11D3-BF4B-00C04F79EFBC}") = "Sample_0029.vs2017", "Sample_0029__StmtPlan\Sample_0029.vs2017.csproj", "{08626470-A45E-4A96-AFDE-05D27CB59470}"
EndProject
Project("{FAE04EC0-301F-11D3-BF4B-00C04F79EFBC}") = "Sample_0030.vs2017", "Sample_0030__UsingVBScript\Sample_0030.vs2017.csproj", "{88667C6E-6BCD-478C-A793-E438F2930954}"
EndProject
Global
	GlobalSection(SolutionConfigurationPlatforms) = preSolution
		Debug|Any CPU = Debug|Any CPU
		Debug|x64 = Debug|x64
		Debug|x86 = Debug|x86
		Release|Any CPU = Release|Any CPU
		Release|x64 = Release|x64
		Release|x86 = Release|x86
	EndGlobalSection
	GlobalSection(ProjectConfigurationPlatforms) = postSolution
		{4D41D71E-8256-4A82-9C87-8B953A591EB0}.Debug|Any CPU.ActiveCfg = Debug|Any CPU
		{4D41D71E-8256-4A82-9C87-8B953A591EB0}.Debug|Any CPU.Build.0 = Debug|Any CPU
		{4D41D71E-8256-4A82-9C87-8B953A591EB0}.Debug|x64.ActiveCfg = Debug|Any CPU
		{4D41D71E-8256-4A82-9C87-8B953A591EB0}.Debug|x64.Build.0 = Debug|Any CPU
		{4D41D71E-8256-4A82-9C87-8B953A591EB0}.Debug|x86.ActiveCfg = Debug|Any CPU
		{4D41D71E-8256-4A82-9C87-8B953A591EB0}.Debug|x86.Build.0 = Debug|Any CPU
		{4D41D71E-8256-4A82-9C87-8B953A591EB0}.Release|Any CPU.ActiveCfg = Release|Any CPU
		{4D41D71E-8256-4A82-9C87-8B953A591EB0}.Release|Any CPU.Build.0 = Release|Any CPU
		{4D41D71E-8256-4A82-9C87-8B953A591EB0}.Release|x64.ActiveCfg = Release|Any CPU
		{4D41D71E-8256-4A82-9C87-8B953A591EB0}.Release|x64.Build.0 = Release|Any CPU
		{4D41D71E-8256-4A82-9C87-8B953A591EB0}.Release|x86.ActiveCfg = Release|Any CPU
		{4D41D71E-8256-4A82-9C87-8B953A591EB0}.Release|x86.Build.0 = Release|Any CPU
		{BE74CE24-389B-4358-815A-6AE8F4CB1450}.Debug|Any CPU.ActiveCfg = Debug|Any CPU
		{BE74CE24-389B-4358-815A-6AE8F4CB1450}.Debug|Any CPU.Build.0 = Debug|Any CPU
		{BE74CE24-389B-4358-815A-6AE8F4CB1450}.Debug|x64.ActiveCfg = Debug|Any CPU
		{BE74CE24-389B-4358-815A-6AE8F4CB1450}.Debug|x64.Build.0 = Debug|Any CPU
		{BE74CE24-389B-4358-815A-6AE8F4CB1450}.Debug|x86.ActiveCfg = Debug|Any CPU
		{BE74CE24-389B-4358-815A-6AE8F4CB1450}.Debug|x86.Build.0 = Debug|Any CPU
		{BE74CE24-389B-4358-815A-6AE8F4CB1450}.Release|Any CPU.ActiveCfg = Release|Any CPU
		{BE74CE24-389B-4358-815A-6AE8F4CB1450}.Release|Any CPU.Build.0 = Release|Any CPU
		{BE74CE24-389B-4358-815A-6AE8F4CB1450}.Release|x64.ActiveCfg = Release|Any CPU
		{BE74CE24-389B-4358-815A-6AE8F4CB1450}.Release|x64.Build.0 = Release|Any CPU
		{BE74CE24-389B-4358-815A-6AE8F4CB1450}.Release|x86.ActiveCfg = Release|Any CPU
		{BE74CE24-389B-4358-815A-6AE8F4CB1450}.Release|x86.Build.0 = Release|Any CPU
		{1353F3E9-31B5-4D47-9224-A79C26DC23E1}.Debug|Any CPU.ActiveCfg = Debug|x86
		{1353F3E9-31B5-4D47-9224-A79C26DC23E1}.Debug|x64.ActiveCfg = Debug|x64
		{1353F3E9-31B5-4D47-9224-A79C26DC23E1}.Debug|x64.Build.0 = Debug|x64
		{1353F3E9-31B5-4D47-9224-A79C26DC23E1}.Debug|x86.ActiveCfg = Debug|x86
		{1353F3E9-31B5-4D47-9224-A79C26DC23E1}.Debug|x86.Build.0 = Debug|x86
		{1353F3E9-31B5-4D47-9224-A79C26DC23E1}.Release|Any CPU.ActiveCfg = Release|x86
		{1353F3E9-31B5-4D47-9224-A79C26DC23E1}.Release|x64.ActiveCfg = Release|x64
		{1353F3E9-31B5-4D47-9224-A79C26DC23E1}.Release|x64.Build.0 = Release|x64
		{1353F3E9-31B5-4D47-9224-A79C26DC23E1}.Release|x86.ActiveCfg = Release|x86
		{1353F3E9-31B5-4D47-9224-A79C26DC23E1}.Release|x86.Build.0 = Release|x86
		{B68CCE17-DA82-4DA3-AF85-31561331438E}.Debug|Any CPU.ActiveCfg = Debug|Any CPU
		{B68CCE17-DA82-4DA3-AF85-31561331438E}.Debug|Any CPU.Build.0 = Debug|Any CPU
		{B68CCE17-DA82-4DA3-AF85-31561331438E}.Debug|x64.ActiveCfg = Debug|Any CPU
		{B68CCE17-DA82-4DA3-AF85-31561331438E}.Debug|x64.Build.0 = Debug|Any CPU
		{B68CCE17-DA82-4DA3-AF85-31561331438E}.Debug|x86.ActiveCfg = Debug|Any CPU
		{B68CCE17-DA82-4DA3-AF85-31561331438E}.Debug|x86.Build.0 = Debug|Any CPU
		{B68CCE17-DA82-4DA3-AF85-31561331438E}.Release|Any CPU.ActiveCfg = Release|Any CPU
		{B68CCE17-DA82-4DA3-AF85-31561331438E}.Release|Any CPU.Build.0 = Release|Any CPU
		{B68CCE17-DA82-4DA3-AF85-31561331438E}.Release|x64.ActiveCfg = Release|Any CPU
		{B68CCE17-DA82-4DA3-AF85-31561331438E}.Release|x64.Build.0 = Release|Any CPU
		{B68CCE17-DA82-4DA3-AF85-31561331438E}.Release|x86.ActiveCfg = Release|Any CPU
		{B68CCE17-DA82-4DA3-AF85-31561331438E}.Release|x86.Build.0 = Release|Any CPU
		{80104457-AB1A-4A38-A551-57D89EC4DC02}.Debug|Any CPU.ActiveCfg = Debug|Any CPU
		{80104457-AB1A-4A38-A551-57D89EC4DC02}.Debug|Any CPU.Build.0 = Debug|Any CPU
		{80104457-AB1A-4A38-A551-57D89EC4DC02}.Debug|x64.ActiveCfg = Debug|Any CPU
		{80104457-AB1A-4A38-A551-57D89EC4DC02}.Debug|x64.Build.0 = Debug|Any CPU
		{80104457-AB1A-4A38-A551-57D89EC4DC02}.Debug|x86.ActiveCfg = Debug|Any CPU
		{80104457-AB1A-4A38-A551-57D89EC4DC02}.Debug|x86.Build.0 = Debug|Any CPU
		{80104457-AB1A-4A38-A551-57D89EC4DC02}.Release|Any CPU.ActiveCfg = Release|Any CPU
		{80104457-AB1A-4A38-A551-57D89EC4DC02}.Release|Any CPU.Build.0 = Release|Any CPU
		{80104457-AB1A-4A38-A551-57D89EC4DC02}.Release|x64.ActiveCfg = Release|Any CPU
		{80104457-AB1A-4A38-A551-57D89EC4DC02}.Release|x64.Build.0 = Release|Any CPU
		{80104457-AB1A-4A38-A551-57D89EC4DC02}.Release|x86.ActiveCfg = Release|Any CPU
		{80104457-AB1A-4A38-A551-57D89EC4DC02}.Release|x86.Build.0 = Release|Any CPU
		{08626470-A45E-4A96-AFDE-05D27CB59470}.Debug|Any CPU.ActiveCfg = Debug|Any CPU
		{08626470-A45E-4A96-AFDE-05D27CB59470}.Debug|Any CPU.Build.0 = Debug|Any CPU
		{08626470-A45E-4A96-AFDE-05D27CB59470}.Debug|x64.ActiveCfg = Debug|Any CPU
		{08626470-A45E-4A96-AFDE-05D27CB59470}.Debug|x64.Build.0 = Debug|Any CPU
		{08626470-A45E-4A96-AFDE-05D27CB59470}.Debug|x86.ActiveCfg = Debug|Any CPU
		{08626470-A45E-4A96-AFDE-05D27CB59470}.Debug|x86.Build.0 = Debug|Any CPU
		{08626470-A45E-4A96-AFDE-05D27CB59470}.Release|Any CPU.ActiveCfg = Release|Any CPU
		{08626470-A45E-4A96-AFDE-05D27CB59470}.Release|Any CPU.Build.0 = Release|Any CPU
		{08626470-A45E-4A96-AFDE-05D27CB59470}.Release|x64.ActiveCfg = Release|Any CPU
		{08626470-A45E-4A96-AFDE-05D27CB59470}.Release|x64.Build.0 = Release|Any CPU
		{08626470-A45E-4A96-AFDE-05D27CB59470}.Release|x86.ActiveCfg = Release|Any CPU
		{08626470-A45E-4A96-AFDE-05D27CB59470}.Release|x86.Build.0 = Release|Any CPU
		{88667C6E-6BCD-478C-A793-E438F2930954}.Debug|Any CPU.ActiveCfg = Debug|Any CPU
		{88667C6E-6BCD-478C-A793-E438F2930954}.Debug|Any CPU.Build.0 = Debug|Any CPU
		{88667C6E-6BCD-478C-A793-E438F2930954}.Debug|x64.ActiveCfg = Debug|Any CPU
		{88667C6E-6BCD-478C-A793-E438F2930954}.Debug|x64.Build.0 = Debug|Any CPU
		{88667C6E-6BCD-478C-A793-E438F2930954}.Debug|x86.ActiveCfg = Debug|Any CPU
		{88667C6E-6BCD-478C-A793-E438F2930954}.Debug|x86.Build.0 = Debug|Any CPU
		{88667C6E-6BCD-478C-A793-E438F2930954}.Release|Any CPU.ActiveCfg = Release|Any CPU
		{88667C6E-6BCD-478C-A793-E438F2930954}.Release|Any CPU.Build.0 = Release|Any CPU
		{88667C6E-6BCD-478C-A793-E438F2930954}.Release|x64.ActiveCfg = Release|Any CPU
		{88667C6E-6BCD-478C-A793-E438F2930954}.Release|x64.Build.0 = Release|Any CPU
		{88667C6E-6BCD-478C-A793-E438F2930954}.Release|x86.ActiveCfg = Release|Any CPU
		{88667C6E-6BCD-478C-A793-E438F2930954}.Release|x86.Build.0 = Release|Any CPU
	EndGlobalSection
	GlobalSection(SolutionProperties) = preSolution
		HideSolutionNode = FALSE
	EndGlobalSection
	GlobalSection(ExtensibilityGlobals) = postSolution
		SolutionGuid = {5ECFFD3A-8830-4F3A-837E-378430D07D10}
	EndGlobalSection
EndGlobal
