
Microsoft Visual Studio Solution File, Format Version 10.00
# Visual Studio 2008
Project("{FAE04EC0-301F-11D3-BF4B-00C04F79EFBC}") = "Sample_0001.vs2008", "Sample_0001__work_with_stream\Sample_0001.vs2008.csproj", "{5BB03ED2-E6CE-4F5B-A4E9-94E792D91E3E}"
EndProject
Project("{FAE04EC0-301F-11D3-BF4B-00C04F79EFBC}") = "Sample_0002.vs2008", "Sample_0002__stream_from_out_param\Sample_0002.vs2008.csproj", "{EF1D55CB-7704-4D1A-830A-69A457AA5FC8}"
EndProject
Project("{FAE04EC0-301F-11D3-BF4B-00C04F79EFBC}") = "Sample_0003.vs2008", "Sample_0003__work_with_text_reader\Sample_0003.vs2008.csproj", "{BA409230-D4F9-42B7-9680-4CB4B7D74699}"
EndProject
Project("{FAE04EC0-301F-11D3-BF4B-00C04F79EFBC}") = "Sample_0004.vs2008", "Sample_0004__text_reader_from_out_param\Sample_0004.vs2008.csproj", "{5821BF0D-6FBF-48D1-8070-EB507BA4C568}"
EndProject
Project("{FAE04EC0-301F-11D3-BF4B-00C04F79EFBC}") = "Sample_0005.vs2008", "Sample_0005__insert_returning\Sample_0005.vs2008.csproj", "{2055C323-48BC-4B72-B949-4BFA7B8D191E}"
EndProject
Project("{FAE04EC0-301F-11D3-BF4B-00C04F79EFBC}") = "Sample_0005__compact.vs2008", "Sample_0005__insert_returning__compact\Sample_0005__compact.vs2008.csproj", "{F50C0BD6-4608-4E74-8304-998D94FB5B52}"
EndProject
Project("{FAE04EC0-301F-11D3-BF4B-00C04F79EFBC}") = "Sample_0006.vs2008", "Sample_0006__insert_returning_into\Sample_0006.vs2008.csproj", "{79B7C796-C386-475A-A1F2-2E9166632CF2}"
EndProject
Project("{FAE04EC0-301F-11D3-BF4B-00C04F79EFBC}") = "Sample_0006__compact.vs2008", "Sample_0006__insert_returning_into__compact\Sample_0006__compact.vs2008.csproj", "{7978789D-E3AC-4AA1-81A0-CE3629145566}"
EndProject
Project("{FAE04EC0-301F-11D3-BF4B-00C04F79EFBC}") = "Sample_0007.vs2008", "Sample_0007__8GB_bin_blob\Sample_0007.vs2008.csproj", "{8B15B1C7-9E0E-433D-8910-06CC6AD500E3}"
EndProject
Project("{FAE04EC0-301F-11D3-BF4B-00C04F79EFBC}") = "Sample_0008.vs2008", "Sample_0008__OleDbDataReader_GetChars\Sample_0008.vs2008.csproj", "{AC6067BB-CFCF-4D54-8A37-1B2266EEE289}"
EndProject
Project("{FAE04EC0-301F-11D3-BF4B-00C04F79EFBC}") = "Sample_0009.vs2008", "Sample_0009__OleDbDataReader_GetBytes\Sample_0009.vs2008.csproj", "{C92A4F5F-E636-49E3-8F36-2134397FE971}"
EndProject
Project("{FAE04EC0-301F-11D3-BF4B-00C04F79EFBC}") = "Sample_0010.vs2008", "Sample_0010__FB3_Packages\Sample_0010.vs2008.csproj", "{458F75F4-F1E8-42FB-9232-2A4DCA93B8CC}"
EndProject
Project("{FAE04EC0-301F-11D3-BF4B-00C04F79EFBC}") = "Sample_0011.vs2008", "Sample_0011__DataAdapter_And_InsertReturning\Sample_0011.vs2008.csproj", "{3BFEFC91-C2B0-443A-9CC0-013CFF132610}"
EndProject
Project("{FAE04EC0-301F-11D3-BF4B-00C04F79EFBC}") = "Sample_0012.vs2008", "Sample_0012__DBProviderFactory\Sample_0012.vs2008.csproj", "{2B44FC94-B427-4929-BE34-129DD822B8A1}"
EndProject
Project("{FAE04EC0-301F-11D3-BF4B-00C04F79EFBC}") = "Sample_0014.vs2008", "Sample_0014__WorkWithNativeBooleanColumn\Sample_0014.vs2008.csproj", "{1F6C53F3-5F44-4F77-8216-202005FA46D3}"
EndProject
Project("{FAE04EC0-301F-11D3-BF4B-00C04F79EFBC}") = "Sample_0015.vs2008", "Sample_0015__CommandCancel\Sample_0015.vs2008.csproj", "{9D6F3D83-5E60-4AE5-A0B1-9A7F5DD1E495}"
EndProject
Project("{FAE04EC0-301F-11D3-BF4B-00C04F79EFBC}") = "Sample_0016.vs2008", "Sample_0016__CommandCancel_CheckImpl\Sample_0016.vs2008.csproj", "{C97AA9FC-0D69-445B-BE56-AFDF9A0E58A1}"
EndProject
Project("{FAE04EC0-301F-11D3-BF4B-00C04F79EFBC}") = "Sample_0017.vs2008", "Sample_0017__CloneSession\Sample_0017.vs2008.csproj", "{FD3549EA-2FC8-43ED-B72D-AD57A80877D8}"
EndProject
Project("{FAE04EC0-301F-11D3-BF4B-00C04F79EFBC}") = "Sample_0018.vs2008", "Sample_0018__ExecScriptWithDDL\Sample_0018.vs2008.csproj", "{DF89A98A-1052-425C-9616-38BFFCC29785}"
EndProject
Project("{FAE04EC0-301F-11D3-BF4B-00C04F79EFBC}") = "Sample_0019.vs2008", "Sample_0019__WorkWithFieldArray\Sample_0019.vs2008.csproj", "{6B4776BE-27CF-451D-8F7A-5E9B5F2541BF}"
EndProject
Project("{FAE04EC0-301F-11D3-BF4B-00C04F79EFBC}") = "Sample_0020.vs2008", "Sample_0020__CreateDatabase__FB2_5\Sample_0020.vs2008.csproj", "{C54F1DF8-8421-48FA-9777-89F07FB7723D}"
EndProject
Project("{FAE04EC0-301F-11D3-BF4B-00C04F79EFBC}") = "Sample_0024.vs2008", "Sample_0024__ParallelInserts\Sample_0024.vs2008.csproj", "{58CEB18A-D3BB-413A-8A60-45C2907817A5}"
EndProject
Project("{FAE04EC0-301F-11D3-BF4B-00C04F79EFBC}") = "Sample_0025.vs2008", "Sample_0025__OleDbServices\Sample_0025.vs2008.csproj", "{BE74CE24-389B-4358-815A-6AE8F4CB1450}"
EndProject
Project("{FAE04EC0-301F-11D3-BF4B-00C04F79EFBC}") = "Sample_0027.vs2008", "Sample_0027__GetOleDbProviderInfo\Sample_0027.vs2008.csproj", "{B68CCE17-DA82-4DA3-AF85-31561331438E}"
EndProject
Project("{FAE04EC0-301F-11D3-BF4B-00C04F79EFBC}") = "Sample_0028.vs2008", "Sample_0028__DetectIdentityColumns\Sample_0028.vs2008.csproj", "{80104457-AB1A-4A38-A551-57D89EC4DC02}"
EndProject
Global
	GlobalSection(SolutionConfigurationPlatforms) = preSolution
		Debug|Any CPU = Debug|Any CPU
		Release|Any CPU = Release|Any CPU
	EndGlobalSection
	GlobalSection(ProjectConfigurationPlatforms) = postSolution
		{5BB03ED2-E6CE-4F5B-A4E9-94E792D91E3E}.Debug|Any CPU.ActiveCfg = Debug|Any CPU
		{5BB03ED2-E6CE-4F5B-A4E9-94E792D91E3E}.Debug|Any CPU.Build.0 = Debug|Any CPU
		{5BB03ED2-E6CE-4F5B-A4E9-94E792D91E3E}.Release|Any CPU.ActiveCfg = Release|Any CPU
		{5BB03ED2-E6CE-4F5B-A4E9-94E792D91E3E}.Release|Any CPU.Build.0 = Release|Any CPU
		{EF1D55CB-7704-4D1A-830A-69A457AA5FC8}.Debug|Any CPU.ActiveCfg = Debug|Any CPU
		{EF1D55CB-7704-4D1A-830A-69A457AA5FC8}.Debug|Any CPU.Build.0 = Debug|Any CPU
		{EF1D55CB-7704-4D1A-830A-69A457AA5FC8}.Release|Any CPU.ActiveCfg = Release|Any CPU
		{EF1D55CB-7704-4D1A-830A-69A457AA5FC8}.Release|Any CPU.Build.0 = Release|Any CPU
		{BA409230-D4F9-42B7-9680-4CB4B7D74699}.Debug|Any CPU.ActiveCfg = Debug|Any CPU
		{BA409230-D4F9-42B7-9680-4CB4B7D74699}.Debug|Any CPU.Build.0 = Debug|Any CPU
		{BA409230-D4F9-42B7-9680-4CB4B7D74699}.Release|Any CPU.ActiveCfg = Release|Any CPU
		{BA409230-D4F9-42B7-9680-4CB4B7D74699}.Release|Any CPU.Build.0 = Release|Any CPU
		{5821BF0D-6FBF-48D1-8070-EB507BA4C568}.Debug|Any CPU.ActiveCfg = Debug|Any CPU
		{5821BF0D-6FBF-48D1-8070-EB507BA4C568}.Debug|Any CPU.Build.0 = Debug|Any CPU
		{5821BF0D-6FBF-48D1-8070-EB507BA4C568}.Release|Any CPU.ActiveCfg = Release|Any CPU
		{5821BF0D-6FBF-48D1-8070-EB507BA4C568}.Release|Any CPU.Build.0 = Release|Any CPU
		{2055C323-48BC-4B72-B949-4BFA7B8D191E}.Debug|Any CPU.ActiveCfg = Debug|Any CPU
		{2055C323-48BC-4B72-B949-4BFA7B8D191E}.Debug|Any CPU.Build.0 = Debug|Any CPU
		{2055C323-48BC-4B72-B949-4BFA7B8D191E}.Release|Any CPU.ActiveCfg = Release|Any CPU
		{2055C323-48BC-4B72-B949-4BFA7B8D191E}.Release|Any CPU.Build.0 = Release|Any CPU
		{F50C0BD6-4608-4E74-8304-998D94FB5B52}.Debug|Any CPU.ActiveCfg = Debug|Any CPU
		{F50C0BD6-4608-4E74-8304-998D94FB5B52}.Debug|Any CPU.Build.0 = Debug|Any CPU
		{F50C0BD6-4608-4E74-8304-998D94FB5B52}.Release|Any CPU.ActiveCfg = Release|Any CPU
		{F50C0BD6-4608-4E74-8304-998D94FB5B52}.Release|Any CPU.Build.0 = Release|Any CPU
		{79B7C796-C386-475A-A1F2-2E9166632CF2}.Debug|Any CPU.ActiveCfg = Debug|Any CPU
		{79B7C796-C386-475A-A1F2-2E9166632CF2}.Debug|Any CPU.Build.0 = Debug|Any CPU
		{79B7C796-C386-475A-A1F2-2E9166632CF2}.Release|Any CPU.ActiveCfg = Release|Any CPU
		{79B7C796-C386-475A-A1F2-2E9166632CF2}.Release|Any CPU.Build.0 = Release|Any CPU
		{7978789D-E3AC-4AA1-81A0-CE3629145566}.Debug|Any CPU.ActiveCfg = Debug|Any CPU
		{7978789D-E3AC-4AA1-81A0-CE3629145566}.Debug|Any CPU.Build.0 = Debug|Any CPU
		{7978789D-E3AC-4AA1-81A0-CE3629145566}.Release|Any CPU.ActiveCfg = Release|Any CPU
		{7978789D-E3AC-4AA1-81A0-CE3629145566}.Release|Any CPU.Build.0 = Release|Any CPU
		{8B15B1C7-9E0E-433D-8910-06CC6AD500E3}.Debug|Any CPU.ActiveCfg = Debug|Any CPU
		{8B15B1C7-9E0E-433D-8910-06CC6AD500E3}.Debug|Any CPU.Build.0 = Debug|Any CPU
		{8B15B1C7-9E0E-433D-8910-06CC6AD500E3}.Release|Any CPU.ActiveCfg = Release|Any CPU
		{8B15B1C7-9E0E-433D-8910-06CC6AD500E3}.Release|Any CPU.Build.0 = Release|Any CPU
		{AC6067BB-CFCF-4D54-8A37-1B2266EEE289}.Debug|Any CPU.ActiveCfg = Debug|Any CPU
		{AC6067BB-CFCF-4D54-8A37-1B2266EEE289}.Debug|Any CPU.Build.0 = Debug|Any CPU
		{AC6067BB-CFCF-4D54-8A37-1B2266EEE289}.Release|Any CPU.ActiveCfg = Release|Any CPU
		{AC6067BB-CFCF-4D54-8A37-1B2266EEE289}.Release|Any CPU.Build.0 = Release|Any CPU
		{C92A4F5F-E636-49E3-8F36-2134397FE971}.Debug|Any CPU.ActiveCfg = Debug|Any CPU
		{C92A4F5F-E636-49E3-8F36-2134397FE971}.Debug|Any CPU.Build.0 = Debug|Any CPU
		{C92A4F5F-E636-49E3-8F36-2134397FE971}.Release|Any CPU.ActiveCfg = Release|Any CPU
		{C92A4F5F-E636-49E3-8F36-2134397FE971}.Release|Any CPU.Build.0 = Release|Any CPU
		{458F75F4-F1E8-42FB-9232-2A4DCA93B8CC}.Debug|Any CPU.ActiveCfg = Debug|Any CPU
		{458F75F4-F1E8-42FB-9232-2A4DCA93B8CC}.Debug|Any CPU.Build.0 = Debug|Any CPU
		{458F75F4-F1E8-42FB-9232-2A4DCA93B8CC}.Release|Any CPU.ActiveCfg = Release|Any CPU
		{458F75F4-F1E8-42FB-9232-2A4DCA93B8CC}.Release|Any CPU.Build.0 = Release|Any CPU
		{3BFEFC91-C2B0-443A-9CC0-013CFF132610}.Debug|Any CPU.ActiveCfg = Debug|Any CPU
		{3BFEFC91-C2B0-443A-9CC0-013CFF132610}.Debug|Any CPU.Build.0 = Debug|Any CPU
		{3BFEFC91-C2B0-443A-9CC0-013CFF132610}.Release|Any CPU.ActiveCfg = Release|Any CPU
		{3BFEFC91-C2B0-443A-9CC0-013CFF132610}.Release|Any CPU.Build.0 = Release|Any CPU
		{2B44FC94-B427-4929-BE34-129DD822B8A1}.Debug|Any CPU.ActiveCfg = Debug|Any CPU
		{2B44FC94-B427-4929-BE34-129DD822B8A1}.Debug|Any CPU.Build.0 = Debug|Any CPU
		{2B44FC94-B427-4929-BE34-129DD822B8A1}.Release|Any CPU.ActiveCfg = Release|Any CPU
		{2B44FC94-B427-4929-BE34-129DD822B8A1}.Release|Any CPU.Build.0 = Release|Any CPU
		{1F6C53F3-5F44-4F77-8216-202005FA46D3}.Debug|Any CPU.ActiveCfg = Debug|Any CPU
		{1F6C53F3-5F44-4F77-8216-202005FA46D3}.Debug|Any CPU.Build.0 = Debug|Any CPU
		{1F6C53F3-5F44-4F77-8216-202005FA46D3}.Release|Any CPU.ActiveCfg = Release|Any CPU
		{1F6C53F3-5F44-4F77-8216-202005FA46D3}.Release|Any CPU.Build.0 = Release|Any CPU
		{9D6F3D83-5E60-4AE5-A0B1-9A7F5DD1E495}.Debug|Any CPU.ActiveCfg = Debug|Any CPU
		{9D6F3D83-5E60-4AE5-A0B1-9A7F5DD1E495}.Debug|Any CPU.Build.0 = Debug|Any CPU
		{9D6F3D83-5E60-4AE5-A0B1-9A7F5DD1E495}.Release|Any CPU.ActiveCfg = Release|Any CPU
		{9D6F3D83-5E60-4AE5-A0B1-9A7F5DD1E495}.Release|Any CPU.Build.0 = Release|Any CPU
		{C97AA9FC-0D69-445B-BE56-AFDF9A0E58A1}.Debug|Any CPU.ActiveCfg = Debug|Any CPU
		{C97AA9FC-0D69-445B-BE56-AFDF9A0E58A1}.Debug|Any CPU.Build.0 = Debug|Any CPU
		{C97AA9FC-0D69-445B-BE56-AFDF9A0E58A1}.Release|Any CPU.ActiveCfg = Release|Any CPU
		{C97AA9FC-0D69-445B-BE56-AFDF9A0E58A1}.Release|Any CPU.Build.0 = Release|Any CPU
		{FD3549EA-2FC8-43ED-B72D-AD57A80877D8}.Debug|Any CPU.ActiveCfg = Debug|Any CPU
		{FD3549EA-2FC8-43ED-B72D-AD57A80877D8}.Debug|Any CPU.Build.0 = Debug|Any CPU
		{FD3549EA-2FC8-43ED-B72D-AD57A80877D8}.Release|Any CPU.ActiveCfg = Release|Any CPU
		{FD3549EA-2FC8-43ED-B72D-AD57A80877D8}.Release|Any CPU.Build.0 = Release|Any CPU
		{DF89A98A-1052-425C-9616-38BFFCC29785}.Debug|Any CPU.ActiveCfg = Debug|Any CPU
		{DF89A98A-1052-425C-9616-38BFFCC29785}.Debug|Any CPU.Build.0 = Debug|Any CPU
		{DF89A98A-1052-425C-9616-38BFFCC29785}.Release|Any CPU.ActiveCfg = Release|Any CPU
		{DF89A98A-1052-425C-9616-38BFFCC29785}.Release|Any CPU.Build.0 = Release|Any CPU
		{6B4776BE-27CF-451D-8F7A-5E9B5F2541BF}.Debug|Any CPU.ActiveCfg = Debug|Any CPU
		{6B4776BE-27CF-451D-8F7A-5E9B5F2541BF}.Debug|Any CPU.Build.0 = Debug|Any CPU
		{6B4776BE-27CF-451D-8F7A-5E9B5F2541BF}.Release|Any CPU.ActiveCfg = Release|Any CPU
		{6B4776BE-27CF-451D-8F7A-5E9B5F2541BF}.Release|Any CPU.Build.0 = Release|Any CPU
		{C54F1DF8-8421-48FA-9777-89F07FB7723D}.Debug|Any CPU.ActiveCfg = Debug|Any CPU
		{C54F1DF8-8421-48FA-9777-89F07FB7723D}.Debug|Any CPU.Build.0 = Debug|Any CPU
		{C54F1DF8-8421-48FA-9777-89F07FB7723D}.Release|Any CPU.ActiveCfg = Release|Any CPU
		{C54F1DF8-8421-48FA-9777-89F07FB7723D}.Release|Any CPU.Build.0 = Release|Any CPU
		{58CEB18A-D3BB-413A-8A60-45C2907817A5}.Debug|Any CPU.ActiveCfg = Debug|Any CPU
		{58CEB18A-D3BB-413A-8A60-45C2907817A5}.Debug|Any CPU.Build.0 = Debug|Any CPU
		{58CEB18A-D3BB-413A-8A60-45C2907817A5}.Release|Any CPU.ActiveCfg = Release|Any CPU
		{58CEB18A-D3BB-413A-8A60-45C2907817A5}.Release|Any CPU.Build.0 = Release|Any CPU
		{BE74CE24-389B-4358-815A-6AE8F4CB1450}.Debug|Any CPU.ActiveCfg = Debug|Any CPU
		{BE74CE24-389B-4358-815A-6AE8F4CB1450}.Debug|Any CPU.Build.0 = Debug|Any CPU
		{BE74CE24-389B-4358-815A-6AE8F4CB1450}.Release|Any CPU.ActiveCfg = Release|Any CPU
		{BE74CE24-389B-4358-815A-6AE8F4CB1450}.Release|Any CPU.Build.0 = Release|Any CPU
		{B68CCE17-DA82-4DA3-AF85-31561331438E}.Debug|Any CPU.ActiveCfg = Debug|Any CPU
		{B68CCE17-DA82-4DA3-AF85-31561331438E}.Debug|Any CPU.Build.0 = Debug|Any CPU
		{B68CCE17-DA82-4DA3-AF85-31561331438E}.Release|Any CPU.ActiveCfg = Release|Any CPU
		{B68CCE17-DA82-4DA3-AF85-31561331438E}.Release|Any CPU.Build.0 = Release|Any CPU
		{80104457-AB1A-4A38-A551-57D89EC4DC02}.Debug|Any CPU.ActiveCfg = Debug|Any CPU
		{80104457-AB1A-4A38-A551-57D89EC4DC02}.Debug|Any CPU.Build.0 = Debug|Any CPU
		{80104457-AB1A-4A38-A551-57D89EC4DC02}.Release|Any CPU.ActiveCfg = Release|Any CPU
		{80104457-AB1A-4A38-A551-57D89EC4DC02}.Release|Any CPU.Build.0 = Release|Any CPU
	EndGlobalSection
	GlobalSection(SolutionProperties) = preSolution
		HideSolutionNode = FALSE
	EndGlobalSection
EndGlobal
